
Microsoft Visual Studio Solution File, Format Version 12.00
# Visual Studio Version 17
VisualStudioVersion = 17.5.33424.131
MinimumVisualStudioVersion = 10.0.40219.1
Project("{FAE04EC0-301F-11D3-BF4B-00C04F79EFBC}") = "ConnectionExample", "ConnectionExample\ConnectionExample.csproj", "{CABE00F2-EEDD-4D8F-93C3-801ADCA6E2E6}"
EndProject
Project("{FAE04EC0-301F-11D3-BF4B-00C04F79EFBC}") = "CreateTableQueryExample", "CreateTableQueryExample\CreateTableQueryExample.csproj", "{A2135B47-EFE6-4ADA-83A7-902E6B746483}"
EndProject
Project("{FAE04EC0-301F-11D3-BF4B-00C04F79EFBC}") = "AddDataQueryExample", "AddDataQueryExample\AddDataQueryExample.csproj", "{D29BD575-E1CC-4C51-8AB1-9817176C24F6}"
EndProject
Project("{FAE04EC0-301F-11D3-BF4B-00C04F79EFBC}") = "UpdateQueryExample", "UpdateQueryExample\UpdateQueryExample.csproj", "{87B9D11D-24D1-4573-9C9C-07597CD8C576}"
EndProject
Project("{FAE04EC0-301F-11D3-BF4B-00C04F79EFBC}") = "DeleteDataQueryExample", "DeleteDataQueryExample\DeleteDataQueryExample.csproj", "{31175BD0-12C9-4388-BA23-C41514EAB33E}"
EndProject
Project("{FAE04EC0-301F-11D3-BF4B-00C04F79EFBC}") = "ReadDataExample", "ReadDataExample\ReadDataExample.csproj", "{41BF2E4D-FF8E-44F6-A8C3-CACD3D7A04D0}"
EndProject
Project("{FAE04EC0-301F-11D3-BF4B-00C04F79EFBC}") = "ReadDataWithDataSetExample", "ReadDataWithDataSetExample\ReadDataWithDataSetExample.csproj", "{85243096-45E8-4D72-88BC-3D964FF6ABF2}"
EndProject
Project("{FAE04EC0-301F-11D3-BF4B-00C04F79EFBC}") = "DataSetWithoutDataBaseExample", "DataSetWithoutDataBaseExample\DataSetWithoutDataBaseExample.csproj", "{BD002341-3A79-4C52-ACF2-E8366294AF46}"
EndProject
Project("{FAE04EC0-301F-11D3-BF4B-00C04F79EFBC}") = "UpdateDataWithDataSetInDataBaseExample", "UpdateDataWithDataSetInDataBaseExample\UpdateDataWithDataSetInDataBaseExample.csproj", "{B1778811-E33C-464D-9739-8A1BC620932B}"
EndProject
Project("{FAE04EC0-301F-11D3-BF4B-00C04F79EFBC}") = "QueryParameterExample", "QueryParameterExample\QueryParameterExample.csproj", "{E326C2CA-5539-4647-86C3-F2C4DE1ADE30}"
EndProject
Project("{FAE04EC0-301F-11D3-BF4B-00C04F79EFBC}") = "GetScalarDataExample", "GetScalarDataExample\GetScalarDataExample.csproj", "{24E2F62F-3B30-4F75-B539-DB0FB22B5F66}"
EndProject
Global
	GlobalSection(SolutionConfigurationPlatforms) = preSolution
		Debug|Any CPU = Debug|Any CPU
		Release|Any CPU = Release|Any CPU
	EndGlobalSection
	GlobalSection(ProjectConfigurationPlatforms) = postSolution
		{CABE00F2-EEDD-4D8F-93C3-801ADCA6E2E6}.Debug|Any CPU.ActiveCfg = Debug|Any CPU
		{CABE00F2-EEDD-4D8F-93C3-801ADCA6E2E6}.Debug|Any CPU.Build.0 = Debug|Any CPU
		{CABE00F2-EEDD-4D8F-93C3-801ADCA6E2E6}.Release|Any CPU.ActiveCfg = Release|Any CPU
		{CABE00F2-EEDD-4D8F-93C3-801ADCA6E2E6}.Release|Any CPU.Build.0 = Release|Any CPU
		{A2135B47-EFE6-4ADA-83A7-902E6B746483}.Debug|Any CPU.ActiveCfg = Debug|Any CPU
		{A2135B47-EFE6-4ADA-83A7-902E6B746483}.Debug|Any CPU.Build.0 = Debug|Any CPU
		{A2135B47-EFE6-4ADA-83A7-902E6B746483}.Release|Any CPU.ActiveCfg = Release|Any CPU
		{A2135B47-EFE6-4ADA-83A7-902E6B746483}.Release|Any CPU.Build.0 = Release|Any CPU
		{D29BD575-E1CC-4C51-8AB1-9817176C24F6}.Debug|Any CPU.ActiveCfg = Debug|Any CPU
		{D29BD575-E1CC-4C51-8AB1-9817176C24F6}.Debug|Any CPU.Build.0 = Debug|Any CPU
		{D29BD575-E1CC-4C51-8AB1-9817176C24F6}.Release|Any CPU.ActiveCfg = Release|Any CPU
		{D29BD575-E1CC-4C51-8AB1-9817176C24F6}.Release|Any CPU.Build.0 = Release|Any CPU
		{87B9D11D-24D1-4573-9C9C-07597CD8C576}.Debug|Any CPU.ActiveCfg = Debug|Any CPU
		{87B9D11D-24D1-4573-9C9C-07597CD8C576}.Debug|Any CPU.Build.0 = Debug|Any CPU
		{87B9D11D-24D1-4573-9C9C-07597CD8C576}.Release|Any CPU.ActiveCfg = Release|Any CPU
		{87B9D11D-24D1-4573-9C9C-07597CD8C576}.Release|Any CPU.Build.0 = Release|Any CPU
		{31175BD0-12C9-4388-BA23-C41514EAB33E}.Debug|Any CPU.ActiveCfg = Debug|Any CPU
		{31175BD0-12C9-4388-BA23-C41514EAB33E}.Debug|Any CPU.Build.0 = Debug|Any CPU
		{31175BD0-12C9-4388-BA23-C41514EAB33E}.Release|Any CPU.ActiveCfg = Release|Any CPU
		{31175BD0-12C9-4388-BA23-C41514EAB33E}.Release|Any CPU.Build.0 = Release|Any CPU
		{41BF2E4D-FF8E-44F6-A8C3-CACD3D7A04D0}.Debug|Any CPU.ActiveCfg = Debug|Any CPU
		{41BF2E4D-FF8E-44F6-A8C3-CACD3D7A04D0}.Debug|Any CPU.Build.0 = Debug|Any CPU
		{41BF2E4D-FF8E-44F6-A8C3-CACD3D7A04D0}.Release|Any CPU.ActiveCfg = Release|Any CPU
		{41BF2E4D-FF8E-44F6-A8C3-CACD3D7A04D0}.Release|Any CPU.Build.0 = Release|Any CPU
		{85243096-45E8-4D72-88BC-3D964FF6ABF2}.Debug|Any CPU.ActiveCfg = Debug|Any CPU
		{85243096-45E8-4D72-88BC-3D964FF6ABF2}.Debug|Any CPU.Build.0 = Debug|Any CPU
		{85243096-45E8-4D72-88BC-3D964FF6ABF2}.Release|Any CPU.ActiveCfg = Release|Any CPU
		{85243096-45E8-4D72-88BC-3D964FF6ABF2}.Release|Any CPU.Build.0 = Release|Any CPU
		{BD002341-3A79-4C52-ACF2-E8366294AF46}.Debug|Any CPU.ActiveCfg = Debug|Any CPU
		{BD002341-3A79-4C52-ACF2-E8366294AF46}.Debug|Any CPU.Build.0 = Debug|Any CPU
		{BD002341-3A79-4C52-ACF2-E8366294AF46}.Release|Any CPU.ActiveCfg = Release|Any CPU
		{BD002341-3A79-4C52-ACF2-E8366294AF46}.Release|Any CPU.Build.0 = Release|Any CPU
		{B1778811-E33C-464D-9739-8A1BC620932B}.Debug|Any CPU.ActiveCfg = Debug|Any CPU
		{B1778811-E33C-464D-9739-8A1BC620932B}.Debug|Any CPU.Build.0 = Debug|Any CPU
		{B1778811-E33C-464D-9739-8A1BC620932B}.Release|Any CPU.ActiveCfg = Release|Any CPU
		{B1778811-E33C-464D-9739-8A1BC620932B}.Release|Any CPU.Build.0 = Release|Any CPU
		{E326C2CA-5539-4647-86C3-F2C4DE1ADE30}.Debug|Any CPU.ActiveCfg = Debug|Any CPU
		{E326C2CA-5539-4647-86C3-F2C4DE1ADE30}.Debug|Any CPU.Build.0 = Debug|Any CPU
		{E326C2CA-5539-4647-86C3-F2C4DE1ADE30}.Release|Any CPU.ActiveCfg = Release|Any CPU
		{E326C2CA-5539-4647-86C3-F2C4DE1ADE30}.Release|Any CPU.Build.0 = Release|Any CPU
		{24E2F62F-3B30-4F75-B539-DB0FB22B5F66}.Debug|Any CPU.ActiveCfg = Debug|Any CPU
		{24E2F62F-3B30-4F75-B539-DB0FB22B5F66}.Debug|Any CPU.Build.0 = Debug|Any CPU
		{24E2F62F-3B30-4F75-B539-DB0FB22B5F66}.Release|Any CPU.ActiveCfg = Release|Any CPU
		{24E2F62F-3B30-4F75-B539-DB0FB22B5F66}.Release|Any CPU.Build.0 = Release|Any CPU
	EndGlobalSection
	GlobalSection(SolutionProperties) = preSolution
		HideSolutionNode = FALSE
	EndGlobalSection
	GlobalSection(ExtensibilityGlobals) = postSolution
		SolutionGuid = {601FC432-4AAF-4DC3-A5F8-2D6ADC522E1D}
	EndGlobalSection
EndGlobal
